{
  "name": "spy-property-reads-recursive",
  "version": "1.0.1",
  "lockfileVersion": 2,
  "requires": true,
  "packages": {
    "": {
      "name": "spy-property-reads-recursive",
      "version": "1.0.1",
      "license": "ISC",
      "dependencies": {
        "array-proxy": "^1.0.0",
        "map-proxies": "^1.0.0",
        "set-proxy": "^1.0.2",
        "spy-property-reads": "^1.0.3",
        "spy-property-writes": "^1.0.2"
      }
    },
    "node_modules/array-proxy": {
      "version": "1.0.0",
      "resolved": "https://registry.npmjs.org/array-proxy/-/array-proxy-1.0.0.tgz",
      "integrity": "sha512-Ayuh1RttxcEuI2aQmenXzjZCdZOpFYbZp/yLykASy6QVnijpYQmLVIWP6q2yWihQPpTbAKG05gTZ9m7XO6h7vQ=="
    },
    "node_modules/map-proxies": {
      "version": "1.0.0",
      "resolved": "https://registry.npmjs.org/map-proxies/-/map-proxies-1.0.0.tgz",
      "integrity": "sha512-W0XncW/bCgAV3FWNBZzHh/1Ya5sxGf0kCC8xlwXsR9SKTvvaGmJsBZ8aDpKlYbCtVpEwQTrZ8WZJOS/JgPmdTA=="
    },
    "node_modules/set-proxy": {
      "version": "1.0.2",
      "resolved": "https://registry.npmjs.org/set-proxy/-/set-proxy-1.0.2.tgz",
      "integrity": "sha512-k1sHXN+L4s4mnBPXB4REb8JHfTK5laaLNSs6EXdPhNgyn3KjOj1HJGXLCVVo0pBSgPsNGYeG/7LYt6/Yc78YPw=="
    },
    "node_modules/spy-property-reads": {
      "version": "1.0.3",
      "resolved": "https://registry.npmjs.org/spy-property-reads/-/spy-property-reads-1.0.3.tgz",
      "integrity": "sha512-9l3+L7KKX8kYJ7SXMuI84ouZOZSgHA6Hxj/yWFXHow2JZZBnP1a2qbyxm6LSo5jU8uaSixTPgOic3HUlt41lzA=="
    },
    "node_modules/spy-property-writes": {
      "version": "1.0.2",
      "resolved": "https://registry.npmjs.org/spy-property-writes/-/spy-property-writes-1.0.2.tgz",
      "integrity": "sha512-E6ew0k1335NwV4ghs9jYv9EgCk3aPm0xNxI9KP+W+igzATRtQDa+xJALnhObhWdiRr2FqSh8a8fb/Rgye884MQ=="
    }
  },
  "dependencies": {
    "array-proxy": {
      "version": "1.0.0",
      "resolved": "https://registry.npmjs.org/array-proxy/-/array-proxy-1.0.0.tgz",
      "integrity": "sha512-Ayuh1RttxcEuI2aQmenXzjZCdZOpFYbZp/yLykASy6QVnijpYQmLVIWP6q2yWihQPpTbAKG05gTZ9m7XO6h7vQ=="
    },
    "map-proxies": {
      "version": "1.0.0",
      "resolved": "https://registry.npmjs.org/map-proxies/-/map-proxies-1.0.0.tgz",
      "integrity": "sha512-W0XncW/bCgAV3FWNBZzHh/1Ya5sxGf0kCC8xlwXsR9SKTvvaGmJsBZ8aDpKlYbCtVpEwQTrZ8WZJOS/JgPmdTA=="
    },
    "set-proxy": {
      "version": "1.0.2",
      "resolved": "https://registry.npmjs.org/set-proxy/-/set-proxy-1.0.2.tgz",
      "integrity": "sha512-k1sHXN+L4s4mnBPXB4REb8JHfTK5laaLNSs6EXdPhNgyn3KjOj1HJGXLCVVo0pBSgPsNGYeG/7LYt6/Yc78YPw=="
    },
    "spy-property-reads": {
      "version": "1.0.3",
      "resolved": "https://registry.npmjs.org/spy-property-reads/-/spy-property-reads-1.0.3.tgz",
      "integrity": "sha512-9l3+L7KKX8kYJ7SXMuI84ouZOZSgHA6Hxj/yWFXHow2JZZBnP1a2qbyxm6LSo5jU8uaSixTPgOic3HUlt41lzA=="
    },
    "spy-property-writes": {
      "version": "1.0.2",
      "resolved": "https://registry.npmjs.org/spy-property-writes/-/spy-property-writes-1.0.2.tgz",
      "integrity": "sha512-E6ew0k1335NwV4ghs9jYv9EgCk3aPm0xNxI9KP+W+igzATRtQDa+xJALnhObhWdiRr2FqSh8a8fb/Rgye884MQ=="
    }
  }
}
